{"1.2.0",
[{<<"accept">>,{pkg,<<"accept">>,<<"0.3.6">>},1},
 {<<"prometheus">>,{pkg,<<"prometheus">>,<<"5.0.0">>},0},
 {<<"prometheus_httpd">>,{pkg,<<"prometheus_httpd">>,<<"2.1.14">>},0},
 {<<"quantile_estimator">>,{pkg,<<"quantile_estimator">>,<<"1.0.2">>},1}]}.
[
{pkg_hash,[
 {<<"accept">>, <<"AD44AC7D704BF70EF8FB2E313EF5B978F9D1330BDDAC64509E93AFDA13281215">>},
 {<<"prometheus">>, <<"8A37A3216D8DB019D19068602669C9819C099120F8E39994DD1BD3A3F5553376">>},
 {<<"prometheus_httpd">>, <<"529A63CA2A451FC5D28C77020787A75AF661DADF721E7EC14B5842412FB67A32">>},
 {<<"quantile_estimator">>, <<"ECD281D40110FDD9BA62685531E4435E0839A52FD1058DA5564F1763E4642EF7">>}]},
{pkg_hash_ext,[
 {<<"accept">>, <<"A5167FA1AE90315C3F1DD189446312F8A55D00EFA357E9C569BDA47736B874C3">>},
 {<<"prometheus">>, <<"80D29564A5DC4490B53FD225D752B65FB0DBEBA41497F96D62223338127C5659">>},
 {<<"prometheus_httpd">>, <<"8B39F8CB6467B80D648FB982FDEB796BAB006BB43B1C95279289F311DB562D4E">>},
 {<<"quantile_estimator">>, <<"DB404793D6384995A1AC6DD973E2CEE5BE9FCC128765BDBA53D87C564E296B64">>}]}
].
